// !$*UTF8*$!
{
	archiveVersion = 1;
	classes = {
	};
	objectVersion = 46;
	objects = {

/* Begin PBXBuildFile section */
		3A4A660B1A6D553F006D7097 /* EncadAkademie.m in Sources */ = {isa = PBXBuildFile; fileRef = 3A4A660A1A6D553F006D7097 /* EncadAkademie.m */; };
		3A4A660D1A6D65C2006D7097 /* launch1136blur.png in Resources */ = {isa = PBXBuildFile; fileRef = 3A4A660C1A6D65C2006D7097 /* launch1136blur.png */; };
		3A4A660F1A6D663C006D7097 /* launch1136blurbot.png in Resources */ = {isa = PBXBuildFile; fileRef = 3A4A660E1A6D663C006D7097 /* launch1136blurbot.png */; };
		3A4A66111A6D66FF006D7097 /* launch2208.png in Resources */ = {isa = PBXBuildFile; fileRef = 3A4A66101A6D66FF006D7097 /* launch2208.png */; };
		3A7741051A64234500F0EFAC /* Auditions.m in Sources */ = {isa = PBXBuildFile; fileRef = 3A7741041A64234500F0EFAC /* Auditions.m */; };
		3A77410B1A64316900F0EFAC /* AuditionCell.m in Sources */ = {isa = PBXBuildFile; fileRef = 3A77410A1A64316900F0EFAC /* AuditionCell.m */; };
		3A7BF26E1A67BC83004F65F5 /* Webinar.m in Sources */ = {isa = PBXBuildFile; fileRef = 3A7BF26D1A67BC83004F65F5 /* Webinar.m */; };
		3A7BF2711A67BC83004F65F5 /* Veranstaltung.m in Sources */ = {isa = PBXBuildFile; fileRef = 3A7BF2701A67BC83004F65F5 /* Veranstaltung.m */; };
		3A7BF2741A67BE8D004F65F5 /* Events.m in Sources */ = {isa = PBXBuildFile; fileRef = 3A7BF2731A67BE8D004F65F5 /* Events.m */; };
		3A7BF2811A67C5AB004F65F5 /* EventCell.m in Sources */ = {isa = PBXBuildFile; fileRef = 3A7BF2801A67C5AB004F65F5 /* EventCell.m */; };
		3A7BF2841A67DA19004F65F5 /* EventCreator.m in Sources */ = {isa = PBXBuildFile; fileRef = 3A7BF2831A67DA19004F65F5 /* EventCreator.m */; };
		3AA386621A6E5FBD0092375C /* gear.png in Resources */ = {isa = PBXBuildFile; fileRef = 3AA386611A6E5FBD0092375C /* gear.png */; };
		3AA7B5FB1A5E717900F11E71 /* main.m in Sources */ = {isa = PBXBuildFile; fileRef = 3AA7B5FA1A5E717900F11E71 /* main.m */; };
		3AA7B5FE1A5E717900F11E71 /* AppDelegate.m in Sources */ = {isa = PBXBuildFile; fileRef = 3AA7B5FD1A5E717900F11E71 /* AppDelegate.m */; };
		3AA7B6071A5E717900F11E71 /* Main.storyboard in Resources */ = {isa = PBXBuildFile; fileRef = 3AA7B6051A5E717900F11E71 /* Main.storyboard */; };
		3AA7B6091A5E717900F11E71 /* Images.xcassets in Resources */ = {isa = PBXBuildFile; fileRef = 3AA7B6081A5E717900F11E71 /* Images.xcassets */; };
		3AA7B60C1A5E717900F11E71 /* LaunchScreen.xib in Resources */ = {isa = PBXBuildFile; fileRef = 3AA7B60A1A5E717900F11E71 /* LaunchScreen.xib */; };
		3AA7B6181A5E717900F11E71 /* EncadDatabaseControllerTests.m in Sources */ = {isa = PBXBuildFile; fileRef = 3AA7B6171A5E717900F11E71 /* EncadDatabaseControllerTests.m */; };
		3AA7B6271A5E734500F11E71 /* TaskSelectorTable.m in Sources */ = {isa = PBXBuildFile; fileRef = 3AA7B6261A5E734500F11E71 /* TaskSelectorTable.m */; };
		3AA7B62B1A5E7A5B00F11E71 /* TaskCell.m in Sources */ = {isa = PBXBuildFile; fileRef = 3AA7B62A1A5E7A5B00F11E71 /* TaskCell.m */; };
		3AA7B62E1A5E94CF00F11E71 /* AuditionCreator.m in Sources */ = {isa = PBXBuildFile; fileRef = 3AA7B62D1A5E94CF00F11E71 /* AuditionCreator.m */; };
		3AA7B6321A5E94FF00F11E71 /* Model.xcdatamodeld in Sources */ = {isa = PBXBuildFile; fileRef = 3AA7B6301A5E94FF00F11E71 /* Model.xcdatamodeld */; };
		3AA7B6351A5E96D600F11E71 /* Schulung.m in Sources */ = {isa = PBXBuildFile; fileRef = 3AA7B6341A5E96D600F11E71 /* Schulung.m */; };
		3AA7B6371A5EAB5600F11E71 /* CoreData.framework in Frameworks */ = {isa = PBXBuildFile; fileRef = 3AA7B6361A5EAB5600F11E71 /* CoreData.framework */; };
		3AA7B63C1A5EAC7400F11E71 /* Foundation.framework in Frameworks */ = {isa = PBXBuildFile; fileRef = 3AA7B63A1A5EABA700F11E71 /* Foundation.framework */; };
		3AFD51FA1A652ED800F3D14D /* Schulungstermin.m in Sources */ = {isa = PBXBuildFile; fileRef = 3AFD51F91A652ED800F3D14D /* Schulungstermin.m */; };
/* End PBXBuildFile section */

/* Begin PBXContainerItemProxy section */
		3AA7B6121A5E717900F11E71 /* PBXContainerItemProxy */ = {
			isa = PBXContainerItemProxy;
			containerPortal = 3AA7B5ED1A5E717900F11E71 /* Project object */;
			proxyType = 1;
			remoteGlobalIDString = 3AA7B5F41A5E717900F11E71;
			remoteInfo = EncadDatabaseController;
		};
/* End PBXContainerItemProxy section */

/* Begin PBXFileReference section */
		3A4A66091A6D553F006D7097 /* EncadAkademie.h */ = {isa = PBXFileReference; fileEncoding = 4; lastKnownFileType = sourcecode.c.h; path = EncadAkademie.h; sourceTree = "<group>"; };
		3A4A660A1A6D553F006D7097 /* EncadAkademie.m */ = {isa = PBXFileReference; fileEncoding = 4; lastKnownFileType = sourcecode.c.objc; path = EncadAkademie.m; sourceTree = "<group>"; };
		3A4A660C1A6D65C2006D7097 /* launch1136blur.png */ = {isa = PBXFileReference; lastKnownFileType = image.png; path = launch1136blur.png; sourceTree = "<group>"; };
		3A4A660E1A6D663C006D7097 /* launch1136blurbot.png */ = {isa = PBXFileReference; lastKnownFileType = image.png; path = launch1136blurbot.png; sourceTree = "<group>"; };
		3A4A66101A6D66FF006D7097 /* launch2208.png */ = {isa = PBXFileReference; lastKnownFileType = image.png; path = launch2208.png; sourceTree = "<group>"; };
		3A63B93C1A95E30D00DEC141 /* encad-DBC.app */ = {isa = PBXFileReference; explicitFileType = wrapper.application; includeInIndex = 0; path = "encad-DBC.app"; sourceTree = BUILT_PRODUCTS_DIR; };
		3A63B93D1A95E30D00DEC141 /* EncadDatabaseControllerTests.xctest */ = {isa = PBXFileReference; explicitFileType = wrapper.cfbundle; includeInIndex = 0; path = EncadDatabaseControllerTests.xctest; sourceTree = BUILT_PRODUCTS_DIR; };
		3A7741031A64234500F0EFAC /* Auditions.h */ = {isa = PBXFileReference; fileEncoding = 4; lastKnownFileType = sourcecode.c.h; path = Auditions.h; sourceTree = "<group>"; };
		3A7741041A64234500F0EFAC /* Auditions.m */ = {isa = PBXFileReference; fileEncoding = 4; lastKnownFileType = sourcecode.c.objc; path = Auditions.m; sourceTree = "<group>"; };
		3A7741091A64316900F0EFAC /* AuditionCell.h */ = {isa = PBXFileReference; fileEncoding = 4; lastKnownFileType = sourcecode.c.h; path = AuditionCell.h; sourceTree = "<group>"; };
		3A77410A1A64316900F0EFAC /* AuditionCell.m */ = {isa = PBXFileReference; fileEncoding = 4; lastKnownFileType = sourcecode.c.objc; path = AuditionCell.m; sourceTree = "<group>"; };
		3A7BF26C1A67BC83004F65F5 /* Webinar.h */ = {isa = PBXFileReference; fileEncoding = 4; lastKnownFileType = sourcecode.c.h; path = Webinar.h; sourceTree = "<group>"; };
		3A7BF26D1A67BC83004F65F5 /* Webinar.m */ = {isa = PBXFileReference; fileEncoding = 4; lastKnownFileType = sourcecode.c.objc; path = Webinar.m; sourceTree = "<group>"; };
		3A7BF26F1A67BC83004F65F5 /* Veranstaltung.h */ = {isa = PBXFileReference; fileEncoding = 4; lastKnownFileType = sourcecode.c.h; path = Veranstaltung.h; sourceTree = "<group>"; };
		3A7BF2701A67BC83004F65F5 /* Veranstaltung.m */ = {isa = PBXFileReference; fileEncoding = 4; lastKnownFileType = sourcecode.c.objc; path = Veranstaltung.m; sourceTree = "<group>"; };
		3A7BF2721A67BE8D004F65F5 /* Events.h */ = {isa = PBXFileReference; fileEncoding = 4; lastKnownFileType = sourcecode.c.h; path = Events.h; sourceTree = "<group>"; };
		3A7BF2731A67BE8D004F65F5 /* Events.m */ = {isa = PBXFileReference; fileEncoding = 4; lastKnownFileType = sourcecode.c.objc; path = Events.m; sourceTree = "<group>"; };
		3A7BF27F1A67C5AB004F65F5 /* EventCell.h */ = {isa = PBXFileReference; fileEncoding = 4; lastKnownFileType = sourcecode.c.h; path = EventCell.h; sourceTree = "<group>"; };
		3A7BF2801A67C5AB004F65F5 /* EventCell.m */ = {isa = PBXFileReference; fileEncoding = 4; lastKnownFileType = sourcecode.c.objc; path = EventCell.m; sourceTree = "<group>"; };
		3A7BF2821A67DA19004F65F5 /* EventCreator.h */ = {isa = PBXFileReference; fileEncoding = 4; lastKnownFileType = sourcecode.c.h; path = EventCreator.h; sourceTree = "<group>"; };
		3A7BF2831A67DA19004F65F5 /* EventCreator.m */ = {isa = PBXFileReference; fileEncoding = 4; lastKnownFileType = sourcecode.c.objc; path = EventCreator.m; sourceTree = "<group>"; };
		3AA386611A6E5FBD0092375C /* gear.png */ = {isa = PBXFileReference; lastKnownFileType = image.png; path = gear.png; sourceTree = "<group>"; };
		3AA7B5F91A5E717900F11E71 /* Info.plist */ = {isa = PBXFileReference; lastKnownFileType = text.plist.xml; path = Info.plist; sourceTree = "<group>"; };
		3AA7B5FA1A5E717900F11E71 /* main.m */ = {isa = PBXFileReference; lastKnownFileType = sourcecode.c.objc; path = main.m; sourceTree = "<group>"; };
		3AA7B5FC1A5E717900F11E71 /* AppDelegate.h */ = {isa = PBXFileReference; lastKnownFileType = sourcecode.c.h; path = AppDelegate.h; sourceTree = "<group>"; };
		3AA7B5FD1A5E717900F11E71 /* AppDelegate.m */ = {isa = PBXFileReference; lastKnownFileType = sourcecode.c.objc; path = AppDelegate.m; sourceTree = "<group>"; };
		3AA7B6061A5E717900F11E71 /* Base */ = {isa = PBXFileReference; lastKnownFileType = file.storyboard; name = Base; path = Base.lproj/Main.storyboard; sourceTree = "<group>"; };
		3AA7B6081A5E717900F11E71 /* Images.xcassets */ = {isa = PBXFileReference; lastKnownFileType = folder.assetcatalog; path = Images.xcassets; sourceTree = "<group>"; };
		3AA7B60B1A5E717900F11E71 /* Base */ = {isa = PBXFileReference; lastKnownFileType = file.xib; name = Base; path = Base.lproj/LaunchScreen.xib; sourceTree = "<group>"; };
		3AA7B6161A5E717900F11E71 /* Info.plist */ = {isa = PBXFileReference; lastKnownFileType = text.plist.xml; path = Info.plist; sourceTree = "<group>"; };
		3AA7B6171A5E717900F11E71 /* EncadDatabaseControllerTests.m */ = {isa = PBXFileReference; lastKnownFileType = sourcecode.c.objc; path = EncadDatabaseControllerTests.m; sourceTree = "<group>"; };
		3AA7B6251A5E734500F11E71 /* TaskSelectorTable.h */ = {isa = PBXFileReference; fileEncoding = 4; lastKnownFileType = sourcecode.c.h; path = TaskSelectorTable.h; sourceTree = "<group>"; };
		3AA7B6261A5E734500F11E71 /* TaskSelectorTable.m */ = {isa = PBXFileReference; fileEncoding = 4; lastKnownFileType = sourcecode.c.objc; path = TaskSelectorTable.m; sourceTree = "<group>"; };
		3AA7B6291A5E7A5B00F11E71 /* TaskCell.h */ = {isa = PBXFileReference; fileEncoding = 4; lastKnownFileType = sourcecode.c.h; path = TaskCell.h; sourceTree = "<group>"; };
		3AA7B62A1A5E7A5B00F11E71 /* TaskCell.m */ = {isa = PBXFileReference; fileEncoding = 4; lastKnownFileType = sourcecode.c.objc; path = TaskCell.m; sourceTree = "<group>"; };
		3AA7B62C1A5E94CF00F11E71 /* AuditionCreator.h */ = {isa = PBXFileReference; fileEncoding = 4; lastKnownFileType = sourcecode.c.h; path = AuditionCreator.h; sourceTree = "<group>"; };
		3AA7B62D1A5E94CF00F11E71 /* AuditionCreator.m */ = {isa = PBXFileReference; fileEncoding = 4; lastKnownFileType = sourcecode.c.objc; path = AuditionCreator.m; sourceTree = "<group>"; };
		3AA7B6311A5E94FF00F11E71 /* Model.xcdatamodel */ = {isa = PBXFileReference; lastKnownFileType = wrapper.xcdatamodel; path = Model.xcdatamodel; sourceTree = "<group>"; };
		3AA7B6331A5E96D600F11E71 /* Schulung.h */ = {isa = PBXFileReference; fileEncoding = 4; lastKnownFileType = sourcecode.c.h; path = Schulung.h; sourceTree = "<group>"; };
		3AA7B6341A5E96D600F11E71 /* Schulung.m */ = {isa = PBXFileReference; fileEncoding = 4; lastKnownFileType = sourcecode.c.objc; path = Schulung.m; sourceTree = "<group>"; };
		3AA7B6361A5EAB5600F11E71 /* CoreData.framework */ = {isa = PBXFileReference; lastKnownFileType = wrapper.framework; name = CoreData.framework; path = System/Library/Frameworks/CoreData.framework; sourceTree = SDKROOT; };
		3AA7B63A1A5EABA700F11E71 /* Foundation.framework */ = {isa = PBXFileReference; lastKnownFileType = wrapper.framework; name = Foundation.framework; path = System/Library/Frameworks/Foundation.framework; sourceTree = SDKROOT; };
		3AFD51F81A652ED800F3D14D /* Schulungstermin.h */ = {isa = PBXFileReference; fileEncoding = 4; lastKnownFileType = sourcecode.c.h; path = Schulungstermin.h; sourceTree = "<group>"; };
		3AFD51F91A652ED800F3D14D /* Schulungstermin.m */ = {isa = PBXFileReference; fileEncoding = 4; lastKnownFileType = sourcecode.c.objc; path = Schulungstermin.m; sourceTree = "<group>"; };
/* End PBXFileReference section */

/* Begin PBXFrameworksBuildPhase section */
		3AA7B5F21A5E717900F11E71 /* Frameworks */ = {
			isa = PBXFrameworksBuildPhase;
			buildActionMask = 2147483647;
			files = (
				3AA7B63C1A5EAC7400F11E71 /* Foundation.framework in Frameworks */,
				3AA7B6371A5EAB5600F11E71 /* CoreData.framework in Frameworks */,
			);
			runOnlyForDeploymentPostprocessing = 0;
		};
		3AA7B60E1A5E717900F11E71 /* Frameworks */ = {
			isa = PBXFrameworksBuildPhase;
			buildActionMask = 2147483647;
			files = (
			);
			runOnlyForDeploymentPostprocessing = 0;
		};
/* End PBXFrameworksBuildPhase section */

/* Begin PBXGroup section */
		3AA7B5EC1A5E717900F11E71 = {
			isa = PBXGroup;
			children = (
				3AA7B63A1A5EABA700F11E71 /* Foundation.framework */,
				3AA7B6361A5EAB5600F11E71 /* CoreData.framework */,
				3AA7B5F71A5E717900F11E71 /* EncadDatabaseController */,
				3AA7B6141A5E717900F11E71 /* EncadDatabaseControllerTests */,
				3A63B93C1A95E30D00DEC141 /* encad-DBC.app */,
				3A63B93D1A95E30D00DEC141 /* EncadDatabaseControllerTests.xctest */,
			);
			sourceTree = "<group>";
		};
		3AA7B5F71A5E717900F11E71 /* EncadDatabaseController */ = {
			isa = PBXGroup;
			children = (
				3AA7B5FC1A5E717900F11E71 /* AppDelegate.h */,
				3AA7B5FD1A5E717900F11E71 /* AppDelegate.m */,
				3AA7B62F1A5E94EA00F11E71 /* Model */,
				3AA7B6281A5E79C800F11E71 /* CustomViews */,
				3AA7B6211A5E72A500F11E71 /* Controllers */,
				3AA7B6051A5E717900F11E71 /* Main.storyboard */,
				3AA7B6081A5E717900F11E71 /* Images.xcassets */,
				3AA7B60A1A5E717900F11E71 /* LaunchScreen.xib */,
				3AA7B5F81A5E717900F11E71 /* Supporting Files */,
			);
			path = EncadDatabaseController;
			sourceTree = "<group>";
		};
		3AA7B5F81A5E717900F11E71 /* Supporting Files */ = {
			isa = PBXGroup;
			children = (
				3AA386611A6E5FBD0092375C /* gear.png */,
				3A4A66101A6D66FF006D7097 /* launch2208.png */,
				3A4A660C1A6D65C2006D7097 /* launch1136blur.png */,
				3A4A660E1A6D663C006D7097 /* launch1136blurbot.png */,
				3AA7B5F91A5E717900F11E71 /* Info.plist */,
				3AA7B5FA1A5E717900F11E71 /* main.m */,
			);
			name = "Supporting Files";
			sourceTree = "<group>";
		};
		3AA7B6141A5E717900F11E71 /* EncadDatabaseControllerTests */ = {
			isa = PBXGroup;
			children = (
				3AA7B6171A5E717900F11E71 /* EncadDatabaseControllerTests.m */,
				3AA7B6151A5E717900F11E71 /* Supporting Files */,
			);
			path = EncadDatabaseControllerTests;
			sourceTree = "<group>";
		};
		3AA7B6151A5E717900F11E71 /* Supporting Files */ = {
			isa = PBXGroup;
			children = (
				3AA7B6161A5E717900F11E71 /* Info.plist */,
			);
			name = "Supporting Files";
			sourceTree = "<group>";
		};
		3AA7B6211A5E72A500F11E71 /* Controllers */ = {
			isa = PBXGroup;
			children = (
				3AA7B6251A5E734500F11E71 /* TaskSelectorTable.h */,
				3AA7B6261A5E734500F11E71 /* TaskSelectorTable.m */,
				3AA7B62C1A5E94CF00F11E71 /* AuditionCreator.h */,
				3AA7B62D1A5E94CF00F11E71 /* AuditionCreator.m */,
				3A7741031A64234500F0EFAC /* Auditions.h */,
				3A7741041A64234500F0EFAC /* Auditions.m */,
				3A7BF2721A67BE8D004F65F5 /* Events.h */,
				3A7BF2731A67BE8D004F65F5 /* Events.m */,
				3A7BF2821A67DA19004F65F5 /* EventCreator.h */,
				3A7BF2831A67DA19004F65F5 /* EventCreator.m */,
				3A4A66091A6D553F006D7097 /* EncadAkademie.h */,
				3A4A660A1A6D553F006D7097 /* EncadAkademie.m */,
			);
			name = Controllers;
			sourceTree = "<group>";
		};
		3AA7B6281A5E79C800F11E71 /* CustomViews */ = {
			isa = PBXGroup;
			children = (
				3AA7B6291A5E7A5B00F11E71 /* TaskCell.h */,
				3AA7B62A1A5E7A5B00F11E71 /* TaskCell.m */,
				3A7741091A64316900F0EFAC /* AuditionCell.h */,
				3A77410A1A64316900F0EFAC /* AuditionCell.m */,
				3A7BF27F1A67C5AB004F65F5 /* EventCell.h */,
				3A7BF2801A67C5AB004F65F5 /* EventCell.m */,
			);
			name = CustomViews;
			sourceTree = "<group>";
		};
		3AA7B62F1A5E94EA00F11E71 /* Model */ = {
			isa = PBXGroup;
			children = (
				3AA7B6301A5E94FF00F11E71 /* Model.xcdatamodeld */,
				3AFD51F81A652ED800F3D14D /* Schulungstermin.h */,
				3AFD51F91A652ED800F3D14D /* Schulungstermin.m */,
				3AA7B6331A5E96D600F11E71 /* Schulung.h */,
				3AA7B6341A5E96D600F11E71 /* Schulung.m */,
				3A7BF26F1A67BC83004F65F5 /* Veranstaltung.h */,
				3A7BF2701A67BC83004F65F5 /* Veranstaltung.m */,
				3A7BF26C1A67BC83004F65F5 /* Webinar.h */,
				3A7BF26D1A67BC83004F65F5 /* Webinar.m */,
			);
			name = Model;
			sourceTree = "<group>";
		};
/* End PBXGroup section */

/* Begin PBXNativeTarget section */
		3AA7B5F41A5E717900F11E71 /* EncadDatabaseController */ = {
			isa = PBXNativeTarget;
			buildConfigurationList = 3AA7B61B1A5E717900F11E71 /* Build configuration list for PBXNativeTarget "EncadDatabaseController" */;
			buildPhases = (
				3AA7B5F11A5E717900F11E71 /* Sources */,
				3AA7B5F21A5E717900F11E71 /* Frameworks */,
				3AA7B5F31A5E717900F11E71 /* Resources */,
			);
			buildRules = (
			);
			dependencies = (
			);
			name = EncadDatabaseController;
			productName = EncadDatabaseController;
			productReference = 3A63B93C1A95E30D00DEC141 /* encad-DBC.app */;
			productType = "com.apple.product-type.application";
		};
		3AA7B6101A5E717900F11E71 /* EncadDatabaseControllerTests */ = {
			isa = PBXNativeTarget;
			buildConfigurationList = 3AA7B61E1A5E717900F11E71 /* Build configuration list for PBXNativeTarget "EncadDatabaseControllerTests" */;
			buildPhases = (
				3AA7B60D1A5E717900F11E71 /* Sources */,
				3AA7B60E1A5E717900F11E71 /* Frameworks */,
				3AA7B60F1A5E717900F11E71 /* Resources */,
			);
			buildRules = (
			);
			dependencies = (
				3AA7B6131A5E717900F11E71 /* PBXTargetDependency */,
			);
			name = EncadDatabaseControllerTests;
			productName = EncadDatabaseControllerTests;
			productReference = 3A63B93D1A95E30D00DEC141 /* EncadDatabaseControllerTests.xctest */;
			productType = "com.apple.product-type.bundle.unit-test";
		};
/* End PBXNativeTarget section */

/* Begin PBXProject section */
		3AA7B5ED1A5E717900F11E71 /* Project object */ = {
			isa = PBXProject;
			attributes = {
				LastUpgradeCheck = 0610;
				ORGANIZATIONNAME = "Bernd Fecht (encad-consulting.de)";
				TargetAttributes = {
					3AA7B5F41A5E717900F11E71 = {
						CreatedOnToolsVersion = 6.1.1;
						DevelopmentTeam = 8KF8QNG45P;
					};
					3AA7B6101A5E717900F11E71 = {
						CreatedOnToolsVersion = 6.1.1;
						TestTargetID = 3AA7B5F41A5E717900F11E71;
					};
				};
			};
			buildConfigurationList = 3AA7B5F01A5E717900F11E71 /* Build configuration list for PBXProject "EncadDatabaseController" */;
			compatibilityVersion = "Xcode 3.2";
			developmentRegion = English;
			hasScannedForEncodings = 0;
			knownRegions = (
				en,
				Base,
			);
			mainGroup = 3AA7B5EC1A5E717900F11E71;
			productRefGroup = 3AA7B5EC1A5E717900F11E71;
			projectDirPath = "";
			projectRoot = "";
			targets = (
				3AA7B5F41A5E717900F11E71 /* EncadDatabaseController */,
				3AA7B6101A5E717900F11E71 /* EncadDatabaseControllerTests */,
			);
		};
/* End PBXProject section */

/* Begin PBXResourcesBuildPhase section */
		3AA7B5F31A5E717900F11E71 /* Resources */ = {
			isa = PBXResourcesBuildPhase;
			buildActionMask = 2147483647;
			files = (
				3A4A66111A6D66FF006D7097 /* launch2208.png in Resources */,
				3AA386621A6E5FBD0092375C /* gear.png in Resources */,
				3A4A660D1A6D65C2006D7097 /* launch1136blur.png in Resources */,
				3AA7B6071A5E717900F11E71 /* Main.storyboard in Resources */,
				3A4A660F1A6D663C006D7097 /* launch1136blurbot.png in Resources */,
				3AA7B60C1A5E717900F11E71 /* LaunchScreen.xib in Resources */,
				3AA7B6091A5E717900F11E71 /* Images.xcassets in Resources */,
			);
			runOnlyForDeploymentPostprocessing = 0;
		};
		3AA7B60F1A5E717900F11E71 /* Resources */ = {
			isa = PBXResourcesBuildPhase;
			buildActionMask = 2147483647;
			files = (
			);
			runOnlyForDeploymentPostprocessing = 0;
		};
/* End PBXResourcesBuildPhase section */

/* Begin PBXSourcesBuildPhase section */
		3AA7B5F11A5E717900F11E71 /* Sources */ = {
			isa = PBXSourcesBuildPhase;
			buildActionMask = 2147483647;
			files = (
				3A7BF2711A67BC83004F65F5 /* Veranstaltung.m in Sources */,
				3AA7B62B1A5E7A5B00F11E71 /* TaskCell.m in Sources */,
				3A7BF2841A67DA19004F65F5 /* EventCreator.m in Sources */,
				3AA7B5FE1A5E717900F11E71 /* AppDelegate.m in Sources */,
				3A77410B1A64316900F0EFAC /* AuditionCell.m in Sources */,
				3AA7B6351A5E96D600F11E71 /* Schulung.m in Sources */,
				3A4A660B1A6D553F006D7097 /* EncadAkademie.m in Sources */,
				3AA7B5FB1A5E717900F11E71 /* main.m in Sources */,
				3AA7B6271A5E734500F11E71 /* TaskSelectorTable.m in Sources */,
				3AA7B62E1A5E94CF00F11E71 /* AuditionCreator.m in Sources */,
				3A7BF2811A67C5AB004F65F5 /* EventCell.m in Sources */,
				3A7BF2741A67BE8D004F65F5 /* Events.m in Sources */,
				3A7741051A64234500F0EFAC /* Auditions.m in Sources */,
				3AA7B6321A5E94FF00F11E71 /* Model.xcdatamodeld in Sources */,
				3A7BF26E1A67BC83004F65F5 /* Webinar.m in Sources */,
				3AFD51FA1A652ED800F3D14D /* Schulungstermin.m in Sources */,
			);
			runOnlyForDeploymentPostprocessing = 0;
		};
		3AA7B60D1A5E717900F11E71 /* Sources */ = {
			isa = PBXSourcesBuildPhase;
			buildActionMask = 2147483647;
			files = (
				3AA7B6181A5E717900F11E71 /* EncadDatabaseControllerTests.m in Sources */,
			);
			runOnlyForDeploymentPostprocessing = 0;
		};
/* End PBXSourcesBuildPhase section */

/* Begin PBXTargetDependency section */
		3AA7B6131A5E717900F11E71 /* PBXTargetDependency */ = {
			isa = PBXTargetDependency;
			target = 3AA7B5F41A5E717900F11E71 /* EncadDatabaseController */;
			targetProxy = 3AA7B6121A5E717900F11E71 /* PBXContainerItemProxy */;
		};
/* End PBXTargetDependency section */

/* Begin PBXVariantGroup section */
		3AA7B6051A5E717900F11E71 /* Main.storyboard */ = {
			isa = PBXVariantGroup;
			children = (
				3AA7B6061A5E717900F11E71 /* Base */,
			);
			name = Main.storyboard;
			sourceTree = "<group>";
		};
		3AA7B60A1A5E717900F11E71 /* LaunchScreen.xib */ = {
			isa = PBXVariantGroup;
			children = (
				3AA7B60B1A5E717900F11E71 /* Base */,
			);
			name = LaunchScreen.xib;
			sourceTree = "<group>";
		};
/* End PBXVariantGroup section */

/* Begin XCBuildConfiguration section */
		3AA7B6191A5E717900F11E71 /* Debug */ = {
			isa = XCBuildConfiguration;
			buildSettings = {
				ALWAYS_SEARCH_USER_PATHS = NO;
				CLANG_CXX_LANGUAGE_STANDARD = "gnu++0x";
				CLANG_CXX_LIBRARY = "libc++";
				CLANG_ENABLE_MODULES = YES;
				CLANG_ENABLE_OBJC_ARC = YES;
				CLANG_WARN_BOOL_CONVERSION = YES;
				CLANG_WARN_CONSTANT_CONVERSION = YES;
				CLANG_WARN_DIRECT_OBJC_ISA_USAGE = YES_ERROR;
				CLANG_WARN_EMPTY_BODY = YES;
				CLANG_WARN_ENUM_CONVERSION = YES;
				CLANG_WARN_INT_CONVERSION = YES;
				CLANG_WARN_OBJC_ROOT_CLASS = YES_ERROR;
				CLANG_WARN_UNREACHABLE_CODE = YES;
				CLANG_WARN__DUPLICATE_METHOD_MATCH = YES;
				"CODE_SIGN_IDENTITY[sdk=iphoneos*]" = "iPhone Developer";
				COPY_PHASE_STRIP = NO;
				ENABLE_STRICT_OBJC_MSGSEND = YES;
				GCC_C_LANGUAGE_STANDARD = gnu99;
				GCC_DYNAMIC_NO_PIC = NO;
				GCC_OPTIMIZATION_LEVEL = 0;
				GCC_PREPROCESSOR_DEFINITIONS = (
					"DEBUG=1",
					"$(inherited)",
				);
				GCC_SYMBOLS_PRIVATE_EXTERN = NO;
				GCC_WARN_64_TO_32_BIT_CONVERSION = YES;
				GCC_WARN_ABOUT_RETURN_TYPE = YES_ERROR;
				GCC_WARN_UNDECLARED_SELECTOR = YES;
				GCC_WARN_UNINITIALIZED_AUTOS = YES_AGGRESSIVE;
				GCC_WARN_UNUSED_FUNCTION = YES;
				GCC_WARN_UNUSED_VARIABLE = YES;
				IPHONEOS_DEPLOYMENT_TARGET = 8.1;
				MTL_ENABLE_DEBUG_INFO = YES;
				ONLY_ACTIVE_ARCH = YES;
				SDKROOT = iphoneos;
				TARGETED_DEVICE_FAMILY = "1,2";
			};
			name = Debug;
		};
		3AA7B61A1A5E717900F11E71 /* Release */ = {
			isa = XCBuildConfiguration;
			buildSettings = {
				ALWAYS_SEARCH_USER_PATHS = NO;
				CLANG_CXX_LANGUAGE_STANDARD = "gnu++0x";
				CLANG_CXX_LIBRARY = "libc++";
				CLANG_ENABLE_MODULES = YES;
				CLANG_ENABLE_OBJC_ARC = YES;
				CLANG_WARN_BOOL_CONVERSION = YES;
				CLANG_WARN_CONSTANT_CONVERSION = YES;
				CLANG_WARN_DIRECT_OBJC_ISA_USAGE = YES_ERROR;
				CLANG_WARN_EMPTY_BODY = YES;
				CLANG_WARN_ENUM_CONVERSION = YES;
				CLANG_WARN_INT_CONVERSION = YES;
				CLANG_WARN_OBJC_ROOT_CLASS = YES_ERROR;
				CLANG_WARN_UNREACHABLE_CODE = YES;
				CLANG_WARN__DUPLICATE_METHOD_MATCH = YES;
				"CODE_SIGN_IDENTITY[sdk=iphoneos*]" = "iPhone Developer";
				COPY_PHASE_STRIP = YES;
				ENABLE_NS_ASSERTIONS = NO;
				ENABLE_STRICT_OBJC_MSGSEND = YES;
				GCC_C_LANGUAGE_STANDARD = gnu99;
				GCC_WARN_64_TO_32_BIT_CONVERSION = YES;
				GCC_WARN_ABOUT_RETURN_TYPE = YES_ERROR;
				GCC_WARN_UNDECLARED_SELECTOR = YES;
				GCC_WARN_UNINITIALIZED_AUTOS = YES_AGGRESSIVE;
				GCC_WARN_UNUSED_FUNCTION = YES;
				GCC_WARN_UNUSED_VARIABLE = YES;
				IPHONEOS_DEPLOYMENT_TARGET = 8.1;
				MTL_ENABLE_DEBUG_INFO = NO;
				SDKROOT = iphoneos;
				TARGETED_DEVICE_FAMILY = "1,2";
				VALIDATE_PRODUCT = YES;
			};
			name = Release;
		};
		3AA7B61C1A5E717900F11E71 /* Debug */ = {
			isa = XCBuildConfiguration;
			buildSettings = {
				ASSETCATALOG_COMPILER_APPICON_NAME = AppIcon;
				ASSETCATALOG_COMPILER_LAUNCHIMAGE_NAME = LaunchImage;
				CODE_SIGN_IDENTITY = "iPhone Developer";
				"CODE_SIGN_IDENTITY[sdk=iphoneos*]" = "iPhone Developer";
				INFOPLIST_FILE = EncadDatabaseController/Info.plist;
				IPHONEOS_DEPLOYMENT_TARGET = 8.0;
				LD_RUNPATH_SEARCH_PATHS = "$(inherited) @executable_path/Frameworks";
				PRODUCT_NAME = "encad-DBC";
				PROVISIONING_PROFILE = "";
			};
			name = Debug;
		};
		3AA7B61D1A5E717900F11E71 /* Release */ = {
			isa = XCBuildConfiguration;
			buildSettings = {
				ASSETCATALOG_COMPILER_APPICON_NAME = AppIcon;
				ASSETCATALOG_COMPILER_LAUNCHIMAGE_NAME = LaunchImage;
				CODE_SIGN_IDENTITY = "iPhone Developer";
				"CODE_SIGN_IDENTITY[sdk=iphoneos*]" = "iPhone Developer";
				INFOPLIST_FILE = EncadDatabaseController/Info.plist;
				IPHONEOS_DEPLOYMENT_TARGET = 8.0;
				LD_RUNPATH_SEARCH_PATHS = "$(inherited) @executable_path/Frameworks";
				PRODUCT_NAME = "encad-DBC";
				PROVISIONING_PROFILE = "";
			};
			name = Release;
		};
		3AA7B61F1A5E717900F11E71 /* Debug */ = {
			isa = XCBuildConfiguration;
			buildSettings = {
				BUNDLE_LOADER = "$(TEST_HOST)";
				FRAMEWORK_SEARCH_PATHS = (
					"$(SDKROOT)/Developer/Library/Frameworks",
					"$(inherited)",
				);
				GCC_PREPROCESSOR_DEFINITIONS = (
					"DEBUG=1",
					"$(inherited)",
				);
				INFOPLIST_FILE = EncadDatabaseControllerTests/Info.plist;
				LD_RUNPATH_SEARCH_PATHS = "$(inherited) @executable_path/Frameworks @loader_path/Frameworks";
				PRODUCT_NAME = "$(TARGET_NAME)";
				TEST_HOST = "$(BUILT_PRODUCTS_DIR)/EncadDatabaseController.app/EncadDatabaseController";
			};
			name = Debug;
		};
		3AA7B6201A5E717900F11E71 /* Release */ = {
			isa = XCBuildConfiguration;
			buildSettings = {
				BUNDLE_LOADER = "$(TEST_HOST)";
				FRAMEWORK_SEARCH_PATHS = (
					"$(SDKROOT)/Developer/Library/Frameworks",
					"$(inherited)",
				);
				INFOPLIST_FILE = EncadDatabaseControllerTests/Info.plist;
				LD_RUNPATH_SEARCH_PATHS = "$(inherited) @executable_path/Frameworks @loader_path/Frameworks";
				PRODUCT_NAME = "$(TARGET_NAME)";
				TEST_HOST = "$(BUILT_PRODUCTS_DIR)/EncadDatabaseController.app/EncadDatabaseController";
			};
			name = Release;
		};
/* End XCBuildConfiguration section */

/* Begin XCConfigurationList section */
		3AA7B5F01A5E717900F11E71 /* Build configuration list for PBXProject "EncadDatabaseController" */ = {
			isa = XCConfigurationList;
			buildConfigurations = (
				3AA7B6191A5E717900F11E71 /* Debug */,
				3AA7B61A1A5E717900F11E71 /* Release */,
			);
			defaultConfigurationIsVisible = 0;
			defaultConfigurationName = Release;
		};
		3AA7B61B1A5E717900F11E71 /* Build configuration list for PBXNativeTarget "EncadDatabaseController" */ = {
			isa = XCConfigurationList;
			buildConfigurations = (
				3AA7B61C1A5E717900F11E71 /* Debug */,
				3AA7B61D1A5E717900F11E71 /* Release */,
			);
			defaultConfigurationIsVisible = 0;
			defaultConfigurationName = Release;
		};
		3AA7B61E1A5E717900F11E71 /* Build configuration list for PBXNativeTarget "EncadDatabaseControllerTests" */ = {
			isa = XCConfigurationList;
			buildConfigurations = (
				3AA7B61F1A5E717900F11E71 /* Debug */,
				3AA7B6201A5E717900F11E71 /* Release */,
			);
			defaultConfigurationIsVisible = 0;
			defaultConfigurationName = Release;
		};
/* End XCConfigurationList section */

/* Begin XCVersionGroup section */
		3AA7B6301A5E94FF00F11E71 /* Model.xcdatamodeld */ = {
			isa = XCVersionGroup;
			children = (
				3AA7B6311A5E94FF00F11E71 /* Model.xcdatamodel */,
			);
			currentVersion = 3AA7B6311A5E94FF00F11E71 /* Model.xcdatamodel */;
			path = Model.xcdatamodeld;
			sourceTree = "<group>";
			versionGroupType = wrapper.xcdatamodel;
		};
/* End XCVersionGroup section */
	};
	rootObject = 3AA7B5ED1A5E717900F11E71 /* Project object */;
}
